
Microsoft Visual Studio Solution File, Format Version 12.00
# Visual Studio Version 17
VisualStudioVersion = 17.3.32922.545
MinimumVisualStudioVersion = 10.0.40219.1
Project("{8BC9CEB8-8B4A-11D0-8D11-00A0C91BC942}") = "Project3", "Project3\Project3.vcxproj", "{F43929DB-F0BD-421D-9517-4FD5DDEDEE5C}"
EndProject
Global
	GlobalSection(SolutionConfigurationPlatforms) = preSolution
		Debug|x64 = Debug|x64
		Debug|x86 = Debug|x86
		Release|x64 = Release|x64
		Release|x86 = Release|x86
	EndGlobalSection
	GlobalSection(ProjectConfigurationPlatforms) = postSolution
		{F43929DB-F0BD-421D-9517-4FD5DDEDEE5C}.Debug|x64.ActiveCfg = Debug|x64
		{F43929DB-F0BD-421D-9517-4FD5DDEDEE5C}.Debug|x64.Build.0 = Debug|x64
		{F43929DB-F0BD-421D-9517-4FD5DDEDEE5C}.Debug|x86.ActiveCfg = Debug|Win32
		{F43929DB-F0BD-421D-9517-4FD5DDEDEE5C}.Debug|x86.Build.0 = Debug|Win32
		{F43929DB-F0BD-421D-9517-4FD5DDEDEE5C}.Release|x64.ActiveCfg = Release|x64
		{F43929DB-F0BD-421D-9517-4FD5DDEDEE5C}.Release|x64.Build.0 = Release|x64
		{F43929DB-F0BD-421D-9517-4FD5DDEDEE5C}.Release|x86.ActiveCfg = Release|Win32
		{F43929DB-F0BD-421D-9517-4FD5DDEDEE5C}.Release|x86.Build.0 = Release|Win32
	EndGlobalSection
	GlobalSection(SolutionProperties) = preSolution
		HideSolutionNode = FALSE
	EndGlobalSection
	GlobalSection(ExtensibilityGlobals) = postSolution
		SolutionGuid = {B91C5FBA-3733-4141-839D-5ECF658DEDB7}
	EndGlobalSection
EndGlobal
